// !$*UTF8*$!
{
	archiveVersion = 1;
	classes = {
	};
	objectVersion = 56;
	objects = {

/* Begin PBXBuildFile section */
		5335CE632CAD09E50086E284 /* ScheduleView.swift in Sources */ = {isa = PBXBuildFile; fileRef = 5335CE622CAD09E50086E284 /* ScheduleView.swift */; };
		5335CE652CAF0DD20086E284 /* EventView.swift in Sources */ = {isa = PBXBuildFile; fileRef = 5335CE642CAF0DD20086E284 /* EventView.swift */; };
		5335CE672CAF2A130086E284 /* DayView.swift in Sources */ = {isa = PBXBuildFile; fileRef = 5335CE662CAF2A130086E284 /* DayView.swift */; };
		5335CE692CB26E630086E284 /* SchedulePresentOption.swift in Sources */ = {isa = PBXBuildFile; fileRef = 5335CE682CB26E630086E284 /* SchedulePresentOption.swift */; };
		5335CE6F2CB3401E0086E284 /* ScheduleStorage.swift in Sources */ = {isa = PBXBuildFile; fileRef = 5335CE6E2CB3401E0086E284 /* ScheduleStorage.swift */; };
		535B09872C8790CC00E12095 /* Group_Scheduler_AppApp.swift in Sources */ = {isa = PBXBuildFile; fileRef = 535B09862C8790CC00E12095 /* Group_Scheduler_AppApp.swift */; };
		535B09892C8790CC00E12095 /* ContentView.swift in Sources */ = {isa = PBXBuildFile; fileRef = 535B09882C8790CC00E12095 /* ContentView.swift */; };
		535B098B2C8790CD00E12095 /* Assets.xcassets in Resources */ = {isa = PBXBuildFile; fileRef = 535B098A2C8790CD00E12095 /* Assets.xcassets */; };
		535B098E2C8790CD00E12095 /* Preview Assets.xcassets in Resources */ = {isa = PBXBuildFile; fileRef = 535B098D2C8790CD00E12095 /* Preview Assets.xcassets */; };
		535B09982C8790CD00E12095 /* Group_Scheduler_AppTests.swift in Sources */ = {isa = PBXBuildFile; fileRef = 535B09972C8790CD00E12095 /* Group_Scheduler_AppTests.swift */; };
		535B09A22C8790CE00E12095 /* Group_Scheduler_AppUITests.swift in Sources */ = {isa = PBXBuildFile; fileRef = 535B09A12C8790CE00E12095 /* Group_Scheduler_AppUITests.swift */; };
		535B09A42C8790CE00E12095 /* Group_Scheduler_AppUITestsLaunchTests.swift in Sources */ = {isa = PBXBuildFile; fileRef = 535B09A32C8790CE00E12095 /* Group_Scheduler_AppUITestsLaunchTests.swift */; };
/* End PBXBuildFile section */

/* Begin PBXContainerItemProxy section */
		535B09942C8790CD00E12095 /* PBXContainerItemProxy */ = {
			isa = PBXContainerItemProxy;
			containerPortal = 535B097B2C8790CC00E12095 /* Project object */;
			proxyType = 1;
			remoteGlobalIDString = 535B09822C8790CC00E12095;
			remoteInfo = "Group Scheduler App";
		};
		535B099E2C8790CE00E12095 /* PBXContainerItemProxy */ = {
			isa = PBXContainerItemProxy;
			containerPortal = 535B097B2C8790CC00E12095 /* Project object */;
			proxyType = 1;
			remoteGlobalIDString = 535B09822C8790CC00E12095;
			remoteInfo = "Group Scheduler App";
		};
/* End PBXContainerItemProxy section */

/* Begin PBXFileReference section */
		5335CE622CAD09E50086E284 /* ScheduleView.swift */ = {isa = PBXFileReference; fileEncoding = 4; lastKnownFileType = sourcecode.swift; path = ScheduleView.swift; sourceTree = "<group>"; };
		5335CE642CAF0DD20086E284 /* EventView.swift */ = {isa = PBXFileReference; lastKnownFileType = sourcecode.swift; path = EventView.swift; sourceTree = "<group>"; };
		5335CE662CAF2A130086E284 /* DayView.swift */ = {isa = PBXFileReference; lastKnownFileType = sourcecode.swift; path = DayView.swift; sourceTree = "<group>"; };
		5335CE682CB26E630086E284 /* SchedulePresentOption.swift */ = {isa = PBXFileReference; lastKnownFileType = sourcecode.swift; path = SchedulePresentOption.swift; sourceTree = "<group>"; };
		5335CE6E2CB3401E0086E284 /* ScheduleStorage.swift */ = {isa = PBXFileReference; lastKnownFileType = sourcecode.swift; path = ScheduleStorage.swift; sourceTree = "<group>"; };
		535B09832C8790CC00E12095 /* Group Scheduler App.app */ = {isa = PBXFileReference; explicitFileType = wrapper.application; includeInIndex = 0; path = "Group Scheduler App.app"; sourceTree = BUILT_PRODUCTS_DIR; };
		535B09862C8790CC00E12095 /* Group_Scheduler_AppApp.swift */ = {isa = PBXFileReference; lastKnownFileType = sourcecode.swift; path = Group_Scheduler_AppApp.swift; sourceTree = "<group>"; };
		535B09882C8790CC00E12095 /* ContentView.swift */ = {isa = PBXFileReference; lastKnownFileType = sourcecode.swift; path = ContentView.swift; sourceTree = "<group>"; };
		535B098A2C8790CD00E12095 /* Assets.xcassets */ = {isa = PBXFileReference; lastKnownFileType = folder.assetcatalog; path = Assets.xcassets; sourceTree = "<group>"; };
		535B098D2C8790CD00E12095 /* Preview Assets.xcassets */ = {isa = PBXFileReference; lastKnownFileType = folder.assetcatalog; path = "Preview Assets.xcassets"; sourceTree = "<group>"; };
		535B09932C8790CD00E12095 /* Group Scheduler AppTests.xctest */ = {isa = PBXFileReference; explicitFileType = wrapper.cfbundle; includeInIndex = 0; path = "Group Scheduler AppTests.xctest"; sourceTree = BUILT_PRODUCTS_DIR; };
		535B09972C8790CD00E12095 /* Group_Scheduler_AppTests.swift */ = {isa = PBXFileReference; lastKnownFileType = sourcecode.swift; path = Group_Scheduler_AppTests.swift; sourceTree = "<group>"; };
		535B099D2C8790CE00E12095 /* Group Scheduler AppUITests.xctest */ = {isa = PBXFileReference; explicitFileType = wrapper.cfbundle; includeInIndex = 0; path = "Group Scheduler AppUITests.xctest"; sourceTree = BUILT_PRODUCTS_DIR; };
		535B09A12C8790CE00E12095 /* Group_Scheduler_AppUITests.swift */ = {isa = PBXFileReference; lastKnownFileType = sourcecode.swift; path = Group_Scheduler_AppUITests.swift; sourceTree = "<group>"; };
		535B09A32C8790CE00E12095 /* Group_Scheduler_AppUITestsLaunchTests.swift */ = {isa = PBXFileReference; lastKnownFileType = sourcecode.swift; path = Group_Scheduler_AppUITestsLaunchTests.swift; sourceTree = "<group>"; };
/* End PBXFileReference section */

/* Begin PBXFrameworksBuildPhase section */
		535B09802C8790CC00E12095 /* Frameworks */ = {
			isa = PBXFrameworksBuildPhase;
			buildActionMask = 2147483647;
			files = (
			);
			runOnlyForDeploymentPostprocessing = 0;
		};
		535B09902C8790CD00E12095 /* Frameworks */ = {
			isa = PBXFrameworksBuildPhase;
			buildActionMask = 2147483647;
			files = (
			);
			runOnlyForDeploymentPostprocessing = 0;
		};
		535B099A2C8790CE00E12095 /* Frameworks */ = {
			isa = PBXFrameworksBuildPhase;
			buildActionMask = 2147483647;
			files = (
			);
			runOnlyForDeploymentPostprocessing = 0;
		};
/* End PBXFrameworksBuildPhase section */

/* Begin PBXGroup section */
		535B097A2C8790CC00E12095 = {
			isa = PBXGroup;
			children = (
				535B09852C8790CC00E12095 /* Group Scheduler App */,
				535B09962C8790CD00E12095 /* Group Scheduler AppTests */,
				535B09A02C8790CE00E12095 /* Group Scheduler AppUITests */,
				535B09842C8790CC00E12095 /* Products */,
			);
			sourceTree = "<group>";
		};
		535B09842C8790CC00E12095 /* Products */ = {
			isa = PBXGroup;
			children = (
				535B09832C8790CC00E12095 /* Group Scheduler App.app */,
				535B09932C8790CD00E12095 /* Group Scheduler AppTests.xctest */,
				535B099D2C8790CE00E12095 /* Group Scheduler AppUITests.xctest */,
			);
			name = Products;
			sourceTree = "<group>";
		};
		535B09852C8790CC00E12095 /* Group Scheduler App */ = {
			isa = PBXGroup;
			children = (
				535B09862C8790CC00E12095 /* Group_Scheduler_AppApp.swift */,
				5335CE622CAD09E50086E284 /* ScheduleView.swift */,
				5335CE642CAF0DD20086E284 /* EventView.swift */,
				5335CE662CAF2A130086E284 /* DayView.swift */,
				535B09882C8790CC00E12095 /* ContentView.swift */,
				5335CE682CB26E630086E284 /* SchedulePresentOption.swift */,
				5335CE6E2CB3401E0086E284 /* ScheduleStorage.swift */,
				535B098A2C8790CD00E12095 /* Assets.xcassets */,
				535B098C2C8790CD00E12095 /* Preview Content */,
			);
			path = "Group Scheduler App";
			sourceTree = "<group>";
		};
		535B098C2C8790CD00E12095 /* Preview Content */ = {
			isa = PBXGroup;
			children = (
				535B098D2C8790CD00E12095 /* Preview Assets.xcassets */,
			);
			path = "Preview Content";
			sourceTree = "<group>";
		};
		535B09962C8790CD00E12095 /* Group Scheduler AppTests */ = {
			isa = PBXGroup;
			children = (
				535B09972C8790CD00E12095 /* Group_Scheduler_AppTests.swift */,
			);
			path = "Group Scheduler AppTests";
			sourceTree = "<group>";
		};
		535B09A02C8790CE00E12095 /* Group Scheduler AppUITests */ = {
			isa = PBXGroup;
			children = (
				535B09A12C8790CE00E12095 /* Group_Scheduler_AppUITests.swift */,
				535B09A32C8790CE00E12095 /* Group_Scheduler_AppUITestsLaunchTests.swift */,
			);
			path = "Group Scheduler AppUITests";
			sourceTree = "<group>";
		};
/* End PBXGroup section */

/* Begin PBXNativeTarget section */
		535B09822C8790CC00E12095 /* Group Scheduler App */ = {
			isa = PBXNativeTarget;
			buildConfigurationList = 535B09A72C8790CE00E12095 /* Build configuration list for PBXNativeTarget "Group Scheduler App" */;
			buildPhases = (
				535B097F2C8790CC00E12095 /* Sources */,
				535B09802C8790CC00E12095 /* Frameworks */,
				535B09812C8790CC00E12095 /* Resources */,
			);
			buildRules = (
			);
			dependencies = (
			);
			name = "Group Scheduler App";
			packageProductDependencies = (
			);
			productName = "Group Scheduler App";
			productReference = 535B09832C8790CC00E12095 /* Group Scheduler App.app */;
			productType = "com.apple.product-type.application";
		};
		535B09922C8790CD00E12095 /* Group Scheduler AppTests */ = {
			isa = PBXNativeTarget;
			buildConfigurationList = 535B09AA2C8790CE00E12095 /* Build configuration list for PBXNativeTarget "Group Scheduler AppTests" */;
			buildPhases = (
				535B098F2C8790CD00E12095 /* Sources */,
				535B09902C8790CD00E12095 /* Frameworks */,
				535B09912C8790CD00E12095 /* Resources */,
			);
			buildRules = (
			);
			dependencies = (
				535B09952C8790CD00E12095 /* PBXTargetDependency */,
			);
			name = "Group Scheduler AppTests";
			productName = "Group Scheduler AppTests";
			productReference = 535B09932C8790CD00E12095 /* Group Scheduler AppTests.xctest */;
			productType = "com.apple.product-type.bundle.unit-test";
		};
		535B099C2C8790CE00E12095 /* Group Scheduler AppUITests */ = {
			isa = PBXNativeTarget;
			buildConfigurationList = 535B09AD2C8790CE00E12095 /* Build configuration list for PBXNativeTarget "Group Scheduler AppUITests" */;
			buildPhases = (
				535B09992C8790CE00E12095 /* Sources */,
				535B099A2C8790CE00E12095 /* Frameworks */,
				535B099B2C8790CE00E12095 /* Resources */,
			);
			buildRules = (
			);
			dependencies = (
				535B099F2C8790CE00E12095 /* PBXTargetDependency */,
			);
			name = "Group Scheduler AppUITests";
			productName = "Group Scheduler AppUITests";
			productReference = 535B099D2C8790CE00E12095 /* Group Scheduler AppUITests.xctest */;
			productType = "com.apple.product-type.bundle.ui-testing";
		};
/* End PBXNativeTarget section */

/* Begin PBXProject section */
		535B097B2C8790CC00E12095 /* Project object */ = {
			isa = PBXProject;
			attributes = {
				BuildIndependentTargetsInParallel = 1;
				LastSwiftUpdateCheck = 1540;
				LastUpgradeCheck = 1540;
				TargetAttributes = {
					535B09822C8790CC00E12095 = {
						CreatedOnToolsVersion = 15.4;
					};
					535B09922C8790CD00E12095 = {
						CreatedOnToolsVersion = 15.4;
						TestTargetID = 535B09822C8790CC00E12095;
					};
					535B099C2C8790CE00E12095 = {
						CreatedOnToolsVersion = 15.4;
						TestTargetID = 535B09822C8790CC00E12095;
					};
				};
			};
			buildConfigurationList = 535B097E2C8790CC00E12095 /* Build configuration list for PBXProject "Group Scheduler App" */;
			compatibilityVersion = "Xcode 14.0";
			developmentRegion = en;
			hasScannedForEncodings = 0;
			knownRegions = (
				en,
				Base,
			);
			mainGroup = 535B097A2C8790CC00E12095;
			packageReferences = (
				539597812CB5B18900E6331C /* XCRemoteSwiftPackageReference "firebase-ios-sdk" */,
			);
			productRefGroup = 535B09842C8790CC00E12095 /* Products */;
			projectDirPath = "";
			projectRoot = "";
			targets = (
				535B09822C8790CC00E12095 /* Group Scheduler App */,
				535B09922C8790CD00E12095 /* Group Scheduler AppTests */,
				535B099C2C8790CE00E12095 /* Group Scheduler AppUITests */,
			);
		};
/* End PBXProject section */

/* Begin PBXResourcesBuildPhase section */
		535B09812C8790CC00E12095 /* Resources */ = {
			isa = PBXResourcesBuildPhase;
			buildActionMask = 2147483647;
			files = (
				535B098E2C8790CD00E12095 /* Preview Assets.xcassets in Resources */,
				535B098B2C8790CD00E12095 /* Assets.xcassets in Resources */,
			);
			runOnlyForDeploymentPostprocessing = 0;
		};
		535B09912C8790CD00E12095 /* Resources */ = {
			isa = PBXResourcesBuildPhase;
			buildActionMask = 2147483647;
			files = (
			);
			runOnlyForDeploymentPostprocessing = 0;
		};
		535B099B2C8790CE00E12095 /* Resources */ = {
			isa = PBXResourcesBuildPhase;
			buildActionMask = 2147483647;
			files = (
			);
			runOnlyForDeploymentPostprocessing = 0;
		};
/* End PBXResourcesBuildPhase section */

/* Begin PBXSourcesBuildPhase section */
		535B097F2C8790CC00E12095 /* Sources */ = {
			isa = PBXSourcesBuildPhase;
			buildActionMask = 2147483647;
			files = (
				535B09892C8790CC00E12095 /* ContentView.swift in Sources */,
				5335CE692CB26E630086E284 /* SchedulePresentOption.swift in Sources */,
				5335CE672CAF2A130086E284 /* DayView.swift in Sources */,
				535B09872C8790CC00E12095 /* Group_Scheduler_AppApp.swift in Sources */,
				5335CE6F2CB3401E0086E284 /* ScheduleStorage.swift in Sources */,
				5335CE632CAD09E50086E284 /* ScheduleView.swift in Sources */,
				5335CE652CAF0DD20086E284 /* EventView.swift in Sources */,
			);
			runOnlyForDeploymentPostprocessing = 0;
		};
		535B098F2C8790CD00E12095 /* Sources */ = {
			isa = PBXSourcesBuildPhase;
			buildActionMask = 2147483647;
			files = (
				535B09982C8790CD00E12095 /* Group_Scheduler_AppTests.swift in Sources */,
			);
			runOnlyForDeploymentPostprocessing = 0;
		};
		535B09992C8790CE00E12095 /* Sources */ = {
			isa = PBXSourcesBuildPhase;
			buildActionMask = 2147483647;
			files = (
				535B09A42C8790CE00E12095 /* Group_Scheduler_AppUITestsLaunchTests.swift in Sources */,
				535B09A22C8790CE00E12095 /* Group_Scheduler_AppUITests.swift in Sources */,
			);
			runOnlyForDeploymentPostprocessing = 0;
		};
/* End PBXSourcesBuildPhase section */

/* Begin PBXTargetDependency section */
		535B09952C8790CD00E12095 /* PBXTargetDependency */ = {
			isa = PBXTargetDependency;
			target = 535B09822C8790CC00E12095 /* Group Scheduler App */;
			targetProxy = 535B09942C8790CD00E12095 /* PBXContainerItemProxy */;
		};
		535B099F2C8790CE00E12095 /* PBXTargetDependency */ = {
			isa = PBXTargetDependency;
			target = 535B09822C8790CC00E12095 /* Group Scheduler App */;
			targetProxy = 535B099E2C8790CE00E12095 /* PBXContainerItemProxy */;
		};
/* End PBXTargetDependency section */

/* Begin XCBuildConfiguration section */
		535B09A52C8790CE00E12095 /* Debug */ = {
			isa = XCBuildConfiguration;
			buildSettings = {
				ALWAYS_SEARCH_USER_PATHS = NO;
				ASSETCATALOG_COMPILER_GENERATE_SWIFT_ASSET_SYMBOL_EXTENSIONS = YES;
				CLANG_ANALYZER_NONNULL = YES;
				CLANG_ANALYZER_NUMBER_OBJECT_CONVERSION = YES_AGGRESSIVE;
				CLANG_CXX_LANGUAGE_STANDARD = "gnu++20";
				CLANG_ENABLE_MODULES = YES;
				CLANG_ENABLE_OBJC_ARC = YES;
				CLANG_ENABLE_OBJC_WEAK = YES;
				CLANG_WARN_BLOCK_CAPTURE_AUTORELEASING = YES;
				CLANG_WARN_BOOL_CONVERSION = YES;
				CLANG_WARN_COMMA = YES;
				CLANG_WARN_CONSTANT_CONVERSION = YES;
				CLANG_WARN_DEPRECATED_OBJC_IMPLEMENTATIONS = YES;
				CLANG_WARN_DIRECT_OBJC_ISA_USAGE = YES_ERROR;
				CLANG_WARN_DOCUMENTATION_COMMENTS = YES;
				CLANG_WARN_EMPTY_BODY = YES;
				CLANG_WARN_ENUM_CONVERSION = YES;
				CLANG_WARN_INFINITE_RECURSION = YES;
				CLANG_WARN_INT_CONVERSION = YES;
				CLANG_WARN_NON_LITERAL_NULL_CONVERSION = YES;
				CLANG_WARN_OBJC_IMPLICIT_RETAIN_SELF = YES;
				CLANG_WARN_OBJC_LITERAL_CONVERSION = YES;
				CLANG_WARN_OBJC_ROOT_CLASS = YES_ERROR;
				CLANG_WARN_QUOTED_INCLUDE_IN_FRAMEWORK_HEADER = YES;
				CLANG_WARN_RANGE_LOOP_ANALYSIS = YES;
				CLANG_WARN_STRICT_PROTOTYPES = YES;
				CLANG_WARN_SUSPICIOUS_MOVE = YES;
				CLANG_WARN_UNGUARDED_AVAILABILITY = YES_AGGRESSIVE;
				CLANG_WARN_UNREACHABLE_CODE = YES;
				CLANG_WARN__DUPLICATE_METHOD_MATCH = YES;
				COPY_PHASE_STRIP = NO;
				DEBUG_INFORMATION_FORMAT = dwarf;
				ENABLE_STRICT_OBJC_MSGSEND = YES;
				ENABLE_TESTABILITY = YES;
				ENABLE_USER_SCRIPT_SANDBOXING = YES;
				GCC_C_LANGUAGE_STANDARD = gnu17;
				GCC_DYNAMIC_NO_PIC = NO;
				GCC_NO_COMMON_BLOCKS = YES;
				GCC_OPTIMIZATION_LEVEL = 0;
				GCC_PREPROCESSOR_DEFINITIONS = (
					"DEBUG=1",
					"$(inherited)",
				);
				GCC_WARN_64_TO_32_BIT_CONVERSION = YES;
				GCC_WARN_ABOUT_RETURN_TYPE = YES_ERROR;
				GCC_WARN_UNDECLARED_SELECTOR = YES;
				GCC_WARN_UNINITIALIZED_AUTOS = YES_AGGRESSIVE;
				GCC_WARN_UNUSED_FUNCTION = YES;
				GCC_WARN_UNUSED_VARIABLE = YES;
				IPHONEOS_DEPLOYMENT_TARGET = 17.5;
				LOCALIZATION_PREFERS_STRING_CATALOGS = YES;
				MTL_ENABLE_DEBUG_INFO = INCLUDE_SOURCE;
				MTL_FAST_MATH = YES;
				ONLY_ACTIVE_ARCH = YES;
				SDKROOT = iphoneos;
				SWIFT_ACTIVE_COMPILATION_CONDITIONS = "DEBUG $(inherited)";
				SWIFT_OPTIMIZATION_LEVEL = "-Onone";
			};
			name = Debug;
		};
		535B09A62C8790CE00E12095 /* Release */ = {
			isa = XCBuildConfiguration;
			buildSettings = {
				ALWAYS_SEARCH_USER_PATHS = NO;
				ASSETCATALOG_COMPILER_GENERATE_SWIFT_ASSET_SYMBOL_EXTENSIONS = YES;
				CLANG_ANALYZER_NONNULL = YES;
				CLANG_ANALYZER_NUMBER_OBJECT_CONVERSION = YES_AGGRESSIVE;
				CLANG_CXX_LANGUAGE_STANDARD = "gnu++20";
				CLANG_ENABLE_MODULES = YES;
				CLANG_ENABLE_OBJC_ARC = YES;
				CLANG_ENABLE_OBJC_WEAK = YES;
				CLANG_WARN_BLOCK_CAPTURE_AUTORELEASING = YES;
				CLANG_WARN_BOOL_CONVERSION = YES;
				CLANG_WARN_COMMA = YES;
				CLANG_WARN_CONSTANT_CONVERSION = YES;
				CLANG_WARN_DEPRECATED_OBJC_IMPLEMENTATIONS = YES;
				CLANG_WARN_DIRECT_OBJC_ISA_USAGE = YES_ERROR;
				CLANG_WARN_DOCUMENTATION_COMMENTS = YES;
				CLANG_WARN_EMPTY_BODY = YES;
				CLANG_WARN_ENUM_CONVERSION = YES;
				CLANG_WARN_INFINITE_RECURSION = YES;
				CLANG_WARN_INT_CONVERSION = YES;
				CLANG_WARN_NON_LITERAL_NULL_CONVERSION = YES;
				CLANG_WARN_OBJC_IMPLICIT_RETAIN_SELF = YES;
				CLANG_WARN_OBJC_LITERAL_CONVERSION = YES;
				CLANG_WARN_OBJC_ROOT_CLASS = YES_ERROR;
				CLANG_WARN_QUOTED_INCLUDE_IN_FRAMEWORK_HEADER = YES;
				CLANG_WARN_RANGE_LOOP_ANALYSIS = YES;
				CLANG_WARN_STRICT_PROTOTYPES = YES;
				CLANG_WARN_SUSPICIOUS_MOVE = YES;
				CLANG_WARN_UNGUARDED_AVAILABILITY = YES_AGGRESSIVE;
				CLANG_WARN_UNREACHABLE_CODE = YES;
				CLANG_WARN__DUPLICATE_METHOD_MATCH = YES;
				COPY_PHASE_STRIP = NO;
				DEBUG_INFORMATION_FORMAT = "dwarf-with-dsym";
				ENABLE_NS_ASSERTIONS = NO;
				ENABLE_STRICT_OBJC_MSGSEND = YES;
				ENABLE_USER_SCRIPT_SANDBOXING = YES;
				GCC_C_LANGUAGE_STANDARD = gnu17;
				GCC_NO_COMMON_BLOCKS = YES;
				GCC_WARN_64_TO_32_BIT_CONVERSION = YES;
				GCC_WARN_ABOUT_RETURN_TYPE = YES_ERROR;
				GCC_WARN_UNDECLARED_SELECTOR = YES;
				GCC_WARN_UNINITIALIZED_AUTOS = YES_AGGRESSIVE;
				GCC_WARN_UNUSED_FUNCTION = YES;
				GCC_WARN_UNUSED_VARIABLE = YES;
				IPHONEOS_DEPLOYMENT_TARGET = 17.5;
				LOCALIZATION_PREFERS_STRING_CATALOGS = YES;
				MTL_ENABLE_DEBUG_INFO = NO;
				MTL_FAST_MATH = YES;
				SDKROOT = iphoneos;
				SWIFT_COMPILATION_MODE = wholemodule;
				VALIDATE_PRODUCT = YES;
			};
			name = Release;
		};
		535B09A82C8790CE00E12095 /* Debug */ = {
			isa = XCBuildConfiguration;
			buildSettings = {
				ASSETCATALOG_COMPILER_APPICON_NAME = AppIcon;
				ASSETCATALOG_COMPILER_GLOBAL_ACCENT_COLOR_NAME = AccentColor;
				CODE_SIGN_STYLE = Automatic;
				CURRENT_PROJECT_VERSION = 1;
				DEVELOPMENT_ASSET_PATHS = "\"Group Scheduler App/Preview Content\"";
				ENABLE_PREVIEWS = YES;
				GENERATE_INFOPLIST_FILE = YES;
				INFOPLIST_KEY_UIApplicationSceneManifest_Generation = YES;
				INFOPLIST_KEY_UIApplicationSupportsIndirectInputEvents = YES;
				INFOPLIST_KEY_UILaunchScreen_Generation = YES;
				INFOPLIST_KEY_UISupportedInterfaceOrientations_iPad = "UIInterfaceOrientationPortrait UIInterfaceOrientationPortraitUpsideDown UIInterfaceOrientationLandscapeLeft UIInterfaceOrientationLandscapeRight";
				INFOPLIST_KEY_UISupportedInterfaceOrientations_iPhone = "UIInterfaceOrientationPortrait UIInterfaceOrientationLandscapeLeft UIInterfaceOrientationLandscapeRight";
				LD_RUNPATH_SEARCH_PATHS = (
					"$(inherited)",
					"@executable_path/Frameworks",
				);
				MARKETING_VERSION = 1.0;
				PRODUCT_BUNDLE_IDENTIFIER = "db.Group-Scheduler-App";
				PRODUCT_NAME = "$(TARGET_NAME)";
				SWIFT_EMIT_LOC_STRINGS = YES;
				SWIFT_VERSION = 5.0;
				TARGETED_DEVICE_FAMILY = "1,2";
			};
			name = Debug;
		};
		535B09A92C8790CE00E12095 /* Release */ = {
			isa = XCBuildConfiguration;
			buildSettings = {
				ASSETCATALOG_COMPILER_APPICON_NAME = AppIcon;
				ASSETCATALOG_COMPILER_GLOBAL_ACCENT_COLOR_NAME = AccentColor;
				CODE_SIGN_STYLE = Automatic;
				CURRENT_PROJECT_VERSION = 1;
				DEVELOPMENT_ASSET_PATHS = "\"Group Scheduler App/Preview Content\"";
				ENABLE_PREVIEWS = YES;
				GENERATE_INFOPLIST_FILE = YES;
				INFOPLIST_KEY_UIApplicationSceneManifest_Generation = YES;
				INFOPLIST_KEY_UIApplicationSupportsIndirectInputEvents = YES;
				INFOPLIST_KEY_UILaunchScreen_Generation = YES;
				INFOPLIST_KEY_UISupportedInterfaceOrientations_iPad = "UIInterfaceOrientationPortrait UIInterfaceOrientationPortraitUpsideDown UIInterfaceOrientationLandscapeLeft UIInterfaceOrientationLandscapeRight";
				INFOPLIST_KEY_UISupportedInterfaceOrientations_iPhone = "UIInterfaceOrientationPortrait UIInterfaceOrientationLandscapeLeft UIInterfaceOrientationLandscapeRight";
				LD_RUNPATH_SEARCH_PATHS = (
					"$(inherited)",
					"@executable_path/Frameworks",
				);
				MARKETING_VERSION = 1.0;
				PRODUCT_BUNDLE_IDENTIFIER = "db.Group-Scheduler-App";
				PRODUCT_NAME = "$(TARGET_NAME)";
				SWIFT_EMIT_LOC_STRINGS = YES;
				SWIFT_VERSION = 5.0;
				TARGETED_DEVICE_FAMILY = "1,2";
			};
			name = Release;
		};
		535B09AB2C8790CE00E12095 /* Debug */ = {
			isa = XCBuildConfiguration;
			buildSettings = {
				ALWAYS_EMBED_SWIFT_STANDARD_LIBRARIES = YES;
				BUNDLE_LOADER = "$(TEST_HOST)";
				CODE_SIGN_STYLE = Automatic;
				CURRENT_PROJECT_VERSION = 1;
				GENERATE_INFOPLIST_FILE = YES;
				IPHONEOS_DEPLOYMENT_TARGET = 17.5;
				MARKETING_VERSION = 1.0;
				PRODUCT_BUNDLE_IDENTIFIER = "db.Group-Scheduler-AppTests";
				PRODUCT_NAME = "$(TARGET_NAME)";
				SWIFT_EMIT_LOC_STRINGS = NO;
				SWIFT_VERSION = 5.0;
				TARGETED_DEVICE_FAMILY = "1,2";
				TEST_HOST = "$(BUILT_PRODUCTS_DIR)/Group Scheduler App.app/$(BUNDLE_EXECUTABLE_FOLDER_PATH)/Group Scheduler App";
			};
			name = Debug;
		};
		535B09AC2C8790CE00E12095 /* Release */ = {
			isa = XCBuildConfiguration;
			buildSettings = {
				ALWAYS_EMBED_SWIFT_STANDARD_LIBRARIES = YES;
				BUNDLE_LOADER = "$(TEST_HOST)";
				CODE_SIGN_STYLE = Automatic;
				CURRENT_PROJECT_VERSION = 1;
				GENERATE_INFOPLIST_FILE = YES;
				IPHONEOS_DEPLOYMENT_TARGET = 17.5;
				MARKETING_VERSION = 1.0;
				PRODUCT_BUNDLE_IDENTIFIER = "db.Group-Scheduler-AppTests";
				PRODUCT_NAME = "$(TARGET_NAME)";
				SWIFT_EMIT_LOC_STRINGS = NO;
				SWIFT_VERSION = 5.0;
				TARGETED_DEVICE_FAMILY = "1,2";
				TEST_HOST = "$(BUILT_PRODUCTS_DIR)/Group Scheduler App.app/$(BUNDLE_EXECUTABLE_FOLDER_PATH)/Group Scheduler App";
			};
			name = Release;
		};
		535B09AE2C8790CE00E12095 /* Debug */ = {
			isa = XCBuildConfiguration;
			buildSettings = {
				ALWAYS_EMBED_SWIFT_STANDARD_LIBRARIES = YES;
				CODE_SIGN_STYLE = Automatic;
				CURRENT_PROJECT_VERSION = 1;
				GENERATE_INFOPLIST_FILE = YES;
				MARKETING_VERSION = 1.0;
				PRODUCT_BUNDLE_IDENTIFIER = "db.Group-Scheduler-AppUITests";
				PRODUCT_NAME = "$(TARGET_NAME)";
				SWIFT_EMIT_LOC_STRINGS = NO;
				SWIFT_VERSION = 5.0;
				TARGETED_DEVICE_FAMILY = "1,2";
				TEST_TARGET_NAME = "Group Scheduler App";
			};
			name = Debug;
		};
		535B09AF2C8790CE00E12095 /* Release */ = {
			isa = XCBuildConfiguration;
			buildSettings = {
				ALWAYS_EMBED_SWIFT_STANDARD_LIBRARIES = YES;
				CODE_SIGN_STYLE = Automatic;
				CURRENT_PROJECT_VERSION = 1;
				GENERATE_INFOPLIST_FILE = YES;
				MARKETING_VERSION = 1.0;
				PRODUCT_BUNDLE_IDENTIFIER = "db.Group-Scheduler-AppUITests";
				PRODUCT_NAME = "$(TARGET_NAME)";
				SWIFT_EMIT_LOC_STRINGS = NO;
				SWIFT_VERSION = 5.0;
				TARGETED_DEVICE_FAMILY = "1,2";
				TEST_TARGET_NAME = "Group Scheduler App";
			};
			name = Release;
		};
/* End XCBuildConfiguration section */

/* Begin XCConfigurationList section */
		535B097E2C8790CC00E12095 /* Build configuration list for PBXProject "Group Scheduler App" */ = {
			isa = XCConfigurationList;
			buildConfigurations = (
				535B09A52C8790CE00E12095 /* Debug */,
				535B09A62C8790CE00E12095 /* Release */,
			);
			defaultConfigurationIsVisible = 0;
			defaultConfigurationName = Release;
		};
		535B09A72C8790CE00E12095 /* Build configuration list for PBXNativeTarget "Group Scheduler App" */ = {
			isa = XCConfigurationList;
			buildConfigurations = (
				535B09A82C8790CE00E12095 /* Debug */,
				535B09A92C8790CE00E12095 /* Release */,
			);
			defaultConfigurationIsVisible = 0;
			defaultConfigurationName = Release;
		};
		535B09AA2C8790CE00E12095 /* Build configuration list for PBXNativeTarget "Group Scheduler AppTests" */ = {
			isa = XCConfigurationList;
			buildConfigurations = (
				535B09AB2C8790CE00E12095 /* Debug */,
				535B09AC2C8790CE00E12095 /* Release */,
			);
			defaultConfigurationIsVisible = 0;
			defaultConfigurationName = Release;
		};
		535B09AD2C8790CE00E12095 /* Build configuration list for PBXNativeTarget "Group Scheduler AppUITests" */ = {
			isa = XCConfigurationList;
			buildConfigurations = (
				535B09AE2C8790CE00E12095 /* Debug */,
				535B09AF2C8790CE00E12095 /* Release */,
			);
			defaultConfigurationIsVisible = 0;
			defaultConfigurationName = Release;
		};
/* End XCConfigurationList section */

/* Begin XCRemoteSwiftPackageReference section */
		539597812CB5B18900E6331C /* XCRemoteSwiftPackageReference "firebase-ios-sdk" */ = {
			isa = XCRemoteSwiftPackageReference;
			repositoryURL = "https://github.com/firebase/firebase-ios-sdk";
			requirement = {
				kind = upToNextMajorVersion;
				minimumVersion = 11.3.0;
			};
		};
/* End XCRemoteSwiftPackageReference section */
	};
	rootObject = 535B097B2C8790CC00E12095 /* Project object */;
}
